
Microsoft Visual Studio Solution File, Format Version 12.00
# Visual Studio 15
VisualStudioVersion = 15.0.26730.15
MinimumVisualStudioVersion = 10.0.40219.1
Project("{9A19103F-16F7-4668-BE54-9A1E7A4F7556}") = "SwashbuckleExtensions", "SwashbuckleExtensions\SwashbuckleExtensions.csproj", "{2C58E9F5-A604-468A-9A23-DA93D13FFFF2}"
EndProject
Project("{9A19103F-16F7-4668-BE54-9A1E7A4F7556}") = "SwashbuckleExtensionsUtility.Tests", "SwashbuckleExtensions.Tests\SwashbuckleExtensionsUtility.Tests.csproj", "{4E9C0BFF-975D-4747-AB1F-540E7B1E1531}"
EndProject
Global
	GlobalSection(SolutionConfigurationPlatforms) = preSolution
		Debug|Any CPU = Debug|Any CPU
		Release|Any CPU = Release|Any CPU
	EndGlobalSection
	GlobalSection(ProjectConfigurationPlatforms) = postSolution
		{2C58E9F5-A604-468A-9A23-DA93D13FFFF2}.Debug|Any CPU.ActiveCfg = Debug|Any CPU
		{2C58E9F5-A604-468A-9A23-DA93D13FFFF2}.Debug|Any CPU.Build.0 = Debug|Any CPU
		{2C58E9F5-A604-468A-9A23-DA93D13FFFF2}.Release|Any CPU.ActiveCfg = Release|Any CPU
		{2C58E9F5-A604-468A-9A23-DA93D13FFFF2}.Release|Any CPU.Build.0 = Release|Any CPU
		{4E9C0BFF-975D-4747-AB1F-540E7B1E1531}.Debug|Any CPU.ActiveCfg = Debug|Any CPU
		{4E9C0BFF-975D-4747-AB1F-540E7B1E1531}.Debug|Any CPU.Build.0 = Debug|Any CPU
		{4E9C0BFF-975D-4747-AB1F-540E7B1E1531}.Release|Any CPU.ActiveCfg = Release|Any CPU
		{4E9C0BFF-975D-4747-AB1F-540E7B1E1531}.Release|Any CPU.Build.0 = Release|Any CPU
	EndGlobalSection
	GlobalSection(SolutionProperties) = preSolution
		HideSolutionNode = FALSE
	EndGlobalSection
	GlobalSection(ExtensibilityGlobals) = postSolution
		SolutionGuid = {BD2E1389-B303-4158-8B62-BE80DD568D89}
	EndGlobalSection
EndGlobal
